// !$*UTF8*$!
{
	archiveVersion = 1;
	classes = {
	};
	objectVersion = 55;
	objects = {

/* Begin PBXBuildFile section */
		3ABBCED527733BC40008F7A5 /* AppDelegate.swift in Sources */ = {isa = PBXBuildFile; fileRef = 3ABBCED427733BC40008F7A5 /* AppDelegate.swift */; };
		3ABBCED727733BC50008F7A5 /* SceneDelegate.swift in Sources */ = {isa = PBXBuildFile; fileRef = 3ABBCED627733BC50008F7A5 /* SceneDelegate.swift */; };
		3ABBCED927733BC50008F7A5 /* ViewController.swift in Sources */ = {isa = PBXBuildFile; fileRef = 3ABBCED827733BC50008F7A5 /* ViewController.swift */; };
		3ABBCEDC27733BC50008F7A5 /* Main.storyboard in Resources */ = {isa = PBXBuildFile; fileRef = 3ABBCEDA27733BC50008F7A5 /* Main.storyboard */; };
		3ABBCEDF27733BC50008F7A5 /* AVFoundation_Relaxation_Audio.xcdatamodeld in Sources */ = {isa = PBXBuildFile; fileRef = 3ABBCEDD27733BC50008F7A5 /* AVFoundation_Relaxation_Audio.xcdatamodeld */; };
		3ABBCEE127733BC60008F7A5 /* Assets.xcassets in Resources */ = {isa = PBXBuildFile; fileRef = 3ABBCEE027733BC60008F7A5 /* Assets.xcassets */; };
		3ABBCEE427733BC60008F7A5 /* LaunchScreen.storyboard in Resources */ = {isa = PBXBuildFile; fileRef = 3ABBCEE227733BC60008F7A5 /* LaunchScreen.storyboard */; };
		3ABBCEEF27733BC60008F7A5 /* AVFoundation_Relaxation_AudioTests.swift in Sources */ = {isa = PBXBuildFile; fileRef = 3ABBCEEE27733BC60008F7A5 /* AVFoundation_Relaxation_AudioTests.swift */; };
		3ABBCEF927733BC60008F7A5 /* AVFoundation_Relaxation_AudioUITests.swift in Sources */ = {isa = PBXBuildFile; fileRef = 3ABBCEF827733BC60008F7A5 /* AVFoundation_Relaxation_AudioUITests.swift */; };
		3ABBCEFB27733BC60008F7A5 /* AVFoundation_Relaxation_AudioUITestsLaunchTests.swift in Sources */ = {isa = PBXBuildFile; fileRef = 3ABBCEFA27733BC60008F7A5 /* AVFoundation_Relaxation_AudioUITestsLaunchTests.swift */; };
/* End PBXBuildFile section */

/* Begin PBXContainerItemProxy section */
		3ABBCEEB27733BC60008F7A5 /* PBXContainerItemProxy */ = {
			isa = PBXContainerItemProxy;
			containerPortal = 3ABBCEC927733BC40008F7A5 /* Project object */;
			proxyType = 1;
			remoteGlobalIDString = 3ABBCED027733BC40008F7A5;
			remoteInfo = "AVFoundation Relaxation Audio";
		};
		3ABBCEF527733BC60008F7A5 /* PBXContainerItemProxy */ = {
			isa = PBXContainerItemProxy;
			containerPortal = 3ABBCEC927733BC40008F7A5 /* Project object */;
			proxyType = 1;
			remoteGlobalIDString = 3ABBCED027733BC40008F7A5;
			remoteInfo = "AVFoundation Relaxation Audio";
		};
/* End PBXContainerItemProxy section */

/* Begin PBXFileReference section */
		3ABBCED127733BC40008F7A5 /* AVFoundation Relaxation Audio.app */ = {isa = PBXFileReference; explicitFileType = wrapper.application; includeInIndex = 0; path = "AVFoundation Relaxation Audio.app"; sourceTree = BUILT_PRODUCTS_DIR; };
		3ABBCED427733BC40008F7A5 /* AppDelegate.swift */ = {isa = PBXFileReference; lastKnownFileType = sourcecode.swift; path = AppDelegate.swift; sourceTree = "<group>"; };
		3ABBCED627733BC50008F7A5 /* SceneDelegate.swift */ = {isa = PBXFileReference; lastKnownFileType = sourcecode.swift; path = SceneDelegate.swift; sourceTree = "<group>"; };
		3ABBCED827733BC50008F7A5 /* ViewController.swift */ = {isa = PBXFileReference; lastKnownFileType = sourcecode.swift; path = ViewController.swift; sourceTree = "<group>"; };
		3ABBCEDB27733BC50008F7A5 /* Base */ = {isa = PBXFileReference; lastKnownFileType = file.storyboard; name = Base; path = Base.lproj/Main.storyboard; sourceTree = "<group>"; };
		3ABBCEDE27733BC50008F7A5 /* AVFoundation_Relaxation_Audio.xcdatamodel */ = {isa = PBXFileReference; lastKnownFileType = wrapper.xcdatamodel; path = AVFoundation_Relaxation_Audio.xcdatamodel; sourceTree = "<group>"; };
		3ABBCEE027733BC60008F7A5 /* Assets.xcassets */ = {isa = PBXFileReference; lastKnownFileType = folder.assetcatalog; path = Assets.xcassets; sourceTree = "<group>"; };
		3ABBCEE327733BC60008F7A5 /* Base */ = {isa = PBXFileReference; lastKnownFileType = file.storyboard; name = Base; path = Base.lproj/LaunchScreen.storyboard; sourceTree = "<group>"; };
		3ABBCEE527733BC60008F7A5 /* Info.plist */ = {isa = PBXFileReference; lastKnownFileType = text.plist.xml; path = Info.plist; sourceTree = "<group>"; };
		3ABBCEEA27733BC60008F7A5 /* AVFoundation Relaxation AudioTests.xctest */ = {isa = PBXFileReference; explicitFileType = wrapper.cfbundle; includeInIndex = 0; path = "AVFoundation Relaxation AudioTests.xctest"; sourceTree = BUILT_PRODUCTS_DIR; };
		3ABBCEEE27733BC60008F7A5 /* AVFoundation_Relaxation_AudioTests.swift */ = {isa = PBXFileReference; lastKnownFileType = sourcecode.swift; path = AVFoundation_Relaxation_AudioTests.swift; sourceTree = "<group>"; };
		3ABBCEF427733BC60008F7A5 /* AVFoundation Relaxation AudioUITests.xctest */ = {isa = PBXFileReference; explicitFileType = wrapper.cfbundle; includeInIndex = 0; path = "AVFoundation Relaxation AudioUITests.xctest"; sourceTree = BUILT_PRODUCTS_DIR; };
		3ABBCEF827733BC60008F7A5 /* AVFoundation_Relaxation_AudioUITests.swift */ = {isa = PBXFileReference; lastKnownFileType = sourcecode.swift; path = AVFoundation_Relaxation_AudioUITests.swift; sourceTree = "<group>"; };
		3ABBCEFA27733BC60008F7A5 /* AVFoundation_Relaxation_AudioUITestsLaunchTests.swift */ = {isa = PBXFileReference; lastKnownFileType = sourcecode.swift; path = AVFoundation_Relaxation_AudioUITestsLaunchTests.swift; sourceTree = "<group>"; };
/* End PBXFileReference section */

/* Begin PBXFrameworksBuildPhase section */
		3ABBCECE27733BC40008F7A5 /* Frameworks */ = {
			isa = PBXFrameworksBuildPhase;
			buildActionMask = 2147483647;
			files = (
			);
			runOnlyForDeploymentPostprocessing = 0;
		};
		3ABBCEE727733BC60008F7A5 /* Frameworks */ = {
			isa = PBXFrameworksBuildPhase;
			buildActionMask = 2147483647;
			files = (
			);
			runOnlyForDeploymentPostprocessing = 0;
		};
		3ABBCEF127733BC60008F7A5 /* Frameworks */ = {
			isa = PBXFrameworksBuildPhase;
			buildActionMask = 2147483647;
			files = (
			);
			runOnlyForDeploymentPostprocessing = 0;
		};
/* End PBXFrameworksBuildPhase section */

/* Begin PBXGroup section */
		3ABBCEC827733BC40008F7A5 = {
			isa = PBXGroup;
			children = (
				3ABBCED327733BC40008F7A5 /* AVFoundation Relaxation Audio */,
				3ABBCEED27733BC60008F7A5 /* AVFoundation Relaxation AudioTests */,
				3ABBCEF727733BC60008F7A5 /* AVFoundation Relaxation AudioUITests */,
				3ABBCED227733BC40008F7A5 /* Products */,
			);
			sourceTree = "<group>";
		};
		3ABBCED227733BC40008F7A5 /* Products */ = {
			isa = PBXGroup;
			children = (
				3ABBCED127733BC40008F7A5 /* AVFoundation Relaxation Audio.app */,
				3ABBCEEA27733BC60008F7A5 /* AVFoundation Relaxation AudioTests.xctest */,
				3ABBCEF427733BC60008F7A5 /* AVFoundation Relaxation AudioUITests.xctest */,
			);
			name = Products;
			sourceTree = "<group>";
		};
		3ABBCED327733BC40008F7A5 /* AVFoundation Relaxation Audio */ = {
			isa = PBXGroup;
			children = (
				3ABBCED427733BC40008F7A5 /* AppDelegate.swift */,
				3ABBCED627733BC50008F7A5 /* SceneDelegate.swift */,
				3ABBCED827733BC50008F7A5 /* ViewController.swift */,
				3ABBCEDA27733BC50008F7A5 /* Main.storyboard */,
				3ABBCEE027733BC60008F7A5 /* Assets.xcassets */,
				3ABBCEE227733BC60008F7A5 /* LaunchScreen.storyboard */,
				3ABBCEE527733BC60008F7A5 /* Info.plist */,
				3ABBCEDD27733BC50008F7A5 /* AVFoundation_Relaxation_Audio.xcdatamodeld */,
			);
			path = "AVFoundation Relaxation Audio";
			sourceTree = "<group>";
		};
		3ABBCEED27733BC60008F7A5 /* AVFoundation Relaxation AudioTests */ = {
			isa = PBXGroup;
			children = (
				3ABBCEEE27733BC60008F7A5 /* AVFoundation_Relaxation_AudioTests.swift */,
			);
			path = "AVFoundation Relaxation AudioTests";
			sourceTree = "<group>";
		};
		3ABBCEF727733BC60008F7A5 /* AVFoundation Relaxation AudioUITests */ = {
			isa = PBXGroup;
			children = (
				3ABBCEF827733BC60008F7A5 /* AVFoundation_Relaxation_AudioUITests.swift */,
				3ABBCEFA27733BC60008F7A5 /* AVFoundation_Relaxation_AudioUITestsLaunchTests.swift */,
			);
			path = "AVFoundation Relaxation AudioUITests";
			sourceTree = "<group>";
		};
/* End PBXGroup section */

/* Begin PBXNativeTarget section */
		3ABBCED027733BC40008F7A5 /* AVFoundation Relaxation Audio */ = {
			isa = PBXNativeTarget;
			buildConfigurationList = 3ABBCEFE27733BC60008F7A5 /* Build configuration list for PBXNativeTarget "AVFoundation Relaxation Audio" */;
			buildPhases = (
				3ABBCECD27733BC40008F7A5 /* Sources */,
				3ABBCECE27733BC40008F7A5 /* Frameworks */,
				3ABBCECF27733BC40008F7A5 /* Resources */,
			);
			buildRules = (
			);
			dependencies = (
			);
			name = "AVFoundation Relaxation Audio";
			productName = "AVFoundation Relaxation Audio";
			productReference = 3ABBCED127733BC40008F7A5 /* AVFoundation Relaxation Audio.app */;
			productType = "com.apple.product-type.application";
		};
		3ABBCEE927733BC60008F7A5 /* AVFoundation Relaxation AudioTests */ = {
			isa = PBXNativeTarget;
			buildConfigurationList = 3ABBCF0127733BC60008F7A5 /* Build configuration list for PBXNativeTarget "AVFoundation Relaxation AudioTests" */;
			buildPhases = (
				3ABBCEE627733BC60008F7A5 /* Sources */,
				3ABBCEE727733BC60008F7A5 /* Frameworks */,
				3ABBCEE827733BC60008F7A5 /* Resources */,
			);
			buildRules = (
			);
			dependencies = (
				3ABBCEEC27733BC60008F7A5 /* PBXTargetDependency */,
			);
			name = "AVFoundation Relaxation AudioTests";
			productName = "AVFoundation Relaxation AudioTests";
			productReference = 3ABBCEEA27733BC60008F7A5 /* AVFoundation Relaxation AudioTests.xctest */;
			productType = "com.apple.product-type.bundle.unit-test";
		};
		3ABBCEF327733BC60008F7A5 /* AVFoundation Relaxation AudioUITests */ = {
			isa = PBXNativeTarget;
			buildConfigurationList = 3ABBCF0427733BC60008F7A5 /* Build configuration list for PBXNativeTarget "AVFoundation Relaxation AudioUITests" */;
			buildPhases = (
				3ABBCEF027733BC60008F7A5 /* Sources */,
				3ABBCEF127733BC60008F7A5 /* Frameworks */,
				3ABBCEF227733BC60008F7A5 /* Resources */,
			);
			buildRules = (
			);
			dependencies = (
				3ABBCEF627733BC60008F7A5 /* PBXTargetDependency */,
			);
			name = "AVFoundation Relaxation AudioUITests";
			productName = "AVFoundation Relaxation AudioUITests";
			productReference = 3ABBCEF427733BC60008F7A5 /* AVFoundation Relaxation AudioUITests.xctest */;
			productType = "com.apple.product-type.bundle.ui-testing";
		};
/* End PBXNativeTarget section */

/* Begin PBXProject section */
		3ABBCEC927733BC40008F7A5 /* Project object */ = {
			isa = PBXProject;
			attributes = {
				BuildIndependentTargetsInParallel = 1;
				LastSwiftUpdateCheck = 1310;
				LastUpgradeCheck = 1310;
				TargetAttributes = {
					3ABBCED027733BC40008F7A5 = {
						CreatedOnToolsVersion = 13.1;
					};
					3ABBCEE927733BC60008F7A5 = {
						CreatedOnToolsVersion = 13.1;
						TestTargetID = 3ABBCED027733BC40008F7A5;
					};
					3ABBCEF327733BC60008F7A5 = {
						CreatedOnToolsVersion = 13.1;
						TestTargetID = 3ABBCED027733BC40008F7A5;
					};
				};
			};
			buildConfigurationList = 3ABBCECC27733BC40008F7A5 /* Build configuration list for PBXProject "AVFoundation Relaxation Audio" */;
			compatibilityVersion = "Xcode 13.0";
			developmentRegion = en;
			hasScannedForEncodings = 0;
			knownRegions = (
				en,
				Base,
			);
			mainGroup = 3ABBCEC827733BC40008F7A5;
			productRefGroup = 3ABBCED227733BC40008F7A5 /* Products */;
			projectDirPath = "";
			projectRoot = "";
			targets = (
				3ABBCED027733BC40008F7A5 /* AVFoundation Relaxation Audio */,
				3ABBCEE927733BC60008F7A5 /* AVFoundation Relaxation AudioTests */,
				3ABBCEF327733BC60008F7A5 /* AVFoundation Relaxation AudioUITests */,
			);
		};
/* End PBXProject section */

/* Begin PBXResourcesBuildPhase section */
		3ABBCECF27733BC40008F7A5 /* Resources */ = {
			isa = PBXResourcesBuildPhase;
			buildActionMask = 2147483647;
			files = (
				3ABBCEE427733BC60008F7A5 /* LaunchScreen.storyboard in Resources */,
				3ABBCEE127733BC60008F7A5 /* Assets.xcassets in Resources */,
				3ABBCEDC27733BC50008F7A5 /* Main.storyboard in Resources */,
			);
			runOnlyForDeploymentPostprocessing = 0;
		};
		3ABBCEE827733BC60008F7A5 /* Resources */ = {
			isa = PBXResourcesBuildPhase;
			buildActionMask = 2147483647;
			files = (
			);
			runOnlyForDeploymentPostprocessing = 0;
		};
		3ABBCEF227733BC60008F7A5 /* Resources */ = {
			isa = PBXResourcesBuildPhase;
			buildActionMask = 2147483647;
			files = (
			);
			runOnlyForDeploymentPostprocessing = 0;
		};
/* End PBXResourcesBuildPhase section */

/* Begin PBXSourcesBuildPhase section */
		3ABBCECD27733BC40008F7A5 /* Sources */ = {
			isa = PBXSourcesBuildPhase;
			buildActionMask = 2147483647;
			files = (
				3ABBCED927733BC50008F7A5 /* ViewController.swift in Sources */,
				3ABBCED527733BC40008F7A5 /* AppDelegate.swift in Sources */,
				3ABBCED727733BC50008F7A5 /* SceneDelegate.swift in Sources */,
				3ABBCEDF27733BC50008F7A5 /* AVFoundation_Relaxation_Audio.xcdatamodeld in Sources */,
			);
			runOnlyForDeploymentPostprocessing = 0;
		};
		3ABBCEE627733BC60008F7A5 /* Sources */ = {
			isa = PBXSourcesBuildPhase;
			buildActionMask = 2147483647;
			files = (
				3ABBCEEF27733BC60008F7A5 /* AVFoundation_Relaxation_AudioTests.swift in Sources */,
			);
			runOnlyForDeploymentPostprocessing = 0;
		};
		3ABBCEF027733BC60008F7A5 /* Sources */ = {
			isa = PBXSourcesBuildPhase;
			buildActionMask = 2147483647;
			files = (
				3ABBCEFB27733BC60008F7A5 /* AVFoundation_Relaxation_AudioUITestsLaunchTests.swift in Sources */,
				3ABBCEF927733BC60008F7A5 /* AVFoundation_Relaxation_AudioUITests.swift in Sources */,
			);
			runOnlyForDeploymentPostprocessing = 0;
		};
/* End PBXSourcesBuildPhase section */

/* Begin PBXTargetDependency section */
		3ABBCEEC27733BC60008F7A5 /* PBXTargetDependency */ = {
			isa = PBXTargetDependency;
			target = 3ABBCED027733BC40008F7A5 /* AVFoundation Relaxation Audio */;
			targetProxy = 3ABBCEEB27733BC60008F7A5 /* PBXContainerItemProxy */;
		};
		3ABBCEF627733BC60008F7A5 /* PBXTargetDependency */ = {
			isa = PBXTargetDependency;
			target = 3ABBCED027733BC40008F7A5 /* AVFoundation Relaxation Audio */;
			targetProxy = 3ABBCEF527733BC60008F7A5 /* PBXContainerItemProxy */;
		};
/* End PBXTargetDependency section */

/* Begin PBXVariantGroup section */
		3ABBCEDA27733BC50008F7A5 /* Main.storyboard */ = {
			isa = PBXVariantGroup;
			children = (
				3ABBCEDB27733BC50008F7A5 /* Base */,
			);
			name = Main.storyboard;
			sourceTree = "<group>";
		};
		3ABBCEE227733BC60008F7A5 /* LaunchScreen.storyboard */ = {
			isa = PBXVariantGroup;
			children = (
				3ABBCEE327733BC60008F7A5 /* Base */,
			);
			name = LaunchScreen.storyboard;
			sourceTree = "<group>";
		};
/* End PBXVariantGroup section */

/* Begin XCBuildConfiguration section */
		3ABBCEFC27733BC60008F7A5 /* Debug */ = {
			isa = XCBuildConfiguration;
			buildSettings = {
				ALWAYS_SEARCH_USER_PATHS = NO;
				CLANG_ANALYZER_NONNULL = YES;
				CLANG_ANALYZER_NUMBER_OBJECT_CONVERSION = YES_AGGRESSIVE;
				CLANG_CXX_LANGUAGE_STANDARD = "gnu++17";
				CLANG_CXX_LIBRARY = "libc++";
				CLANG_ENABLE_MODULES = YES;
				CLANG_ENABLE_OBJC_ARC = YES;
				CLANG_ENABLE_OBJC_WEAK = YES;
				CLANG_WARN_BLOCK_CAPTURE_AUTORELEASING = YES;
				CLANG_WARN_BOOL_CONVERSION = YES;
				CLANG_WARN_COMMA = YES;
				CLANG_WARN_CONSTANT_CONVERSION = YES;
				CLANG_WARN_DEPRECATED_OBJC_IMPLEMENTATIONS = YES;
				CLANG_WARN_DIRECT_OBJC_ISA_USAGE = YES_ERROR;
				CLANG_WARN_DOCUMENTATION_COMMENTS = YES;
				CLANG_WARN_EMPTY_BODY = YES;
				CLANG_WARN_ENUM_CONVERSION = YES;
				CLANG_WARN_INFINITE_RECURSION = YES;
				CLANG_WARN_INT_CONVERSION = YES;
				CLANG_WARN_NON_LITERAL_NULL_CONVERSION = YES;
				CLANG_WARN_OBJC_IMPLICIT_RETAIN_SELF = YES;
				CLANG_WARN_OBJC_LITERAL_CONVERSION = YES;
				CLANG_WARN_OBJC_ROOT_CLASS = YES_ERROR;
				CLANG_WARN_QUOTED_INCLUDE_IN_FRAMEWORK_HEADER = YES;
				CLANG_WARN_RANGE_LOOP_ANALYSIS = YES;
				CLANG_WARN_STRICT_PROTOTYPES = YES;
				CLANG_WARN_SUSPICIOUS_MOVE = YES;
				CLANG_WARN_UNGUARDED_AVAILABILITY = YES_AGGRESSIVE;
				CLANG_WARN_UNREACHABLE_CODE = YES;
				CLANG_WARN__DUPLICATE_METHOD_MATCH = YES;
				COPY_PHASE_STRIP = NO;
				DEBUG_INFORMATION_FORMAT = dwarf;
				ENABLE_STRICT_OBJC_MSGSEND = YES;
				ENABLE_TESTABILITY = YES;
				GCC_C_LANGUAGE_STANDARD = gnu11;
				GCC_DYNAMIC_NO_PIC = NO;
				GCC_NO_COMMON_BLOCKS = YES;
				GCC_OPTIMIZATION_LEVEL = 0;
				GCC_PREPROCESSOR_DEFINITIONS = (
					"DEBUG=1",
					"$(inherited)",
				);
				GCC_WARN_64_TO_32_BIT_CONVERSION = YES;
				GCC_WARN_ABOUT_RETURN_TYPE = YES_ERROR;
				GCC_WARN_UNDECLARED_SELECTOR = YES;
				GCC_WARN_UNINITIALIZED_AUTOS = YES_AGGRESSIVE;
				GCC_WARN_UNUSED_FUNCTION = YES;
				GCC_WARN_UNUSED_VARIABLE = YES;
				IPHONEOS_DEPLOYMENT_TARGET = 15.0;
				MTL_ENABLE_DEBUG_INFO = INCLUDE_SOURCE;
				MTL_FAST_MATH = YES;
				ONLY_ACTIVE_ARCH = YES;
				SDKROOT = iphoneos;
				SWIFT_ACTIVE_COMPILATION_CONDITIONS = DEBUG;
				SWIFT_OPTIMIZATION_LEVEL = "-Onone";
			};
			name = Debug;
		};
		3ABBCEFD27733BC60008F7A5 /* Release */ = {
			isa = XCBuildConfiguration;
			buildSettings = {
				ALWAYS_SEARCH_USER_PATHS = NO;
				CLANG_ANALYZER_NONNULL = YES;
				CLANG_ANALYZER_NUMBER_OBJECT_CONVERSION = YES_AGGRESSIVE;
				CLANG_CXX_LANGUAGE_STANDARD = "gnu++17";
				CLANG_CXX_LIBRARY = "libc++";
				CLANG_ENABLE_MODULES = YES;
				CLANG_ENABLE_OBJC_ARC = YES;
				CLANG_ENABLE_OBJC_WEAK = YES;
				CLANG_WARN_BLOCK_CAPTURE_AUTORELEASING = YES;
				CLANG_WARN_BOOL_CONVERSION = YES;
				CLANG_WARN_COMMA = YES;
				CLANG_WARN_CONSTANT_CONVERSION = YES;
				CLANG_WARN_DEPRECATED_OBJC_IMPLEMENTATIONS = YES;
				CLANG_WARN_DIRECT_OBJC_ISA_USAGE = YES_ERROR;
				CLANG_WARN_DOCUMENTATION_COMMENTS = YES;
				CLANG_WARN_EMPTY_BODY = YES;
				CLANG_WARN_ENUM_CONVERSION = YES;
				CLANG_WARN_INFINITE_RECURSION = YES;
				CLANG_WARN_INT_CONVERSION = YES;
				CLANG_WARN_NON_LITERAL_NULL_CONVERSION = YES;
				CLANG_WARN_OBJC_IMPLICIT_RETAIN_SELF = YES;
				CLANG_WARN_OBJC_LITERAL_CONVERSION = YES;
				CLANG_WARN_OBJC_ROOT_CLASS = YES_ERROR;
				CLANG_WARN_QUOTED_INCLUDE_IN_FRAMEWORK_HEADER = YES;
				CLANG_WARN_RANGE_LOOP_ANALYSIS = YES;
				CLANG_WARN_STRICT_PROTOTYPES = YES;
				CLANG_WARN_SUSPICIOUS_MOVE = YES;
				CLANG_WARN_UNGUARDED_AVAILABILITY = YES_AGGRESSIVE;
				CLANG_WARN_UNREACHABLE_CODE = YES;
				CLANG_WARN__DUPLICATE_METHOD_MATCH = YES;
				COPY_PHASE_STRIP = NO;
				DEBUG_INFORMATION_FORMAT = "dwarf-with-dsym";
				ENABLE_NS_ASSERTIONS = NO;
				ENABLE_STRICT_OBJC_MSGSEND = YES;
				GCC_C_LANGUAGE_STANDARD = gnu11;
				GCC_NO_COMMON_BLOCKS = YES;
				GCC_WARN_64_TO_32_BIT_CONVERSION = YES;
				GCC_WARN_ABOUT_RETURN_TYPE = YES_ERROR;
				GCC_WARN_UNDECLARED_SELECTOR = YES;
				GCC_WARN_UNINITIALIZED_AUTOS = YES_AGGRESSIVE;
				GCC_WARN_UNUSED_FUNCTION = YES;
				GCC_WARN_UNUSED_VARIABLE = YES;
				IPHONEOS_DEPLOYMENT_TARGET = 15.0;
				MTL_ENABLE_DEBUG_INFO = NO;
				MTL_FAST_MATH = YES;
				SDKROOT = iphoneos;
				SWIFT_COMPILATION_MODE = wholemodule;
				SWIFT_OPTIMIZATION_LEVEL = "-O";
				VALIDATE_PRODUCT = YES;
			};
			name = Release;
		};
		3ABBCEFF27733BC60008F7A5 /* Debug */ = {
			isa = XCBuildConfiguration;
			buildSettings = {
				ASSETCATALOG_COMPILER_APPICON_NAME = AppIcon;
				ASSETCATALOG_COMPILER_GLOBAL_ACCENT_COLOR_NAME = AccentColor;
				CODE_SIGN_STYLE = Automatic;
				CURRENT_PROJECT_VERSION = 1;
				GENERATE_INFOPLIST_FILE = YES;
				INFOPLIST_FILE = "AVFoundation Relaxation Audio/Info.plist";
				INFOPLIST_KEY_UIApplicationSupportsIndirectInputEvents = YES;
				INFOPLIST_KEY_UILaunchStoryboardName = LaunchScreen;
				INFOPLIST_KEY_UIMainStoryboardFile = Main;
				INFOPLIST_KEY_UISupportedInterfaceOrientations_iPad = "UIInterfaceOrientationPortrait UIInterfaceOrientationPortraitUpsideDown UIInterfaceOrientationLandscapeLeft UIInterfaceOrientationLandscapeRight";
				INFOPLIST_KEY_UISupportedInterfaceOrientations_iPhone = "UIInterfaceOrientationPortrait UIInterfaceOrientationLandscapeLeft UIInterfaceOrientationLandscapeRight";
				LD_RUNPATH_SEARCH_PATHS = (
					"$(inherited)",
					"@executable_path/Frameworks",
				);
				MARKETING_VERSION = 1.0;
				PRODUCT_BUNDLE_IDENTIFIER = "faisal.AVFoundation-Relaxation-Audio";
				PRODUCT_NAME = "$(TARGET_NAME)";
				SWIFT_EMIT_LOC_STRINGS = YES;
				SWIFT_VERSION = 5.0;
				TARGETED_DEVICE_FAMILY = "1,2";
			};
			name = Debug;
		};
		3ABBCF0027733BC60008F7A5 /* Release */ = {
			isa = XCBuildConfiguration;
			buildSettings = {
				ASSETCATALOG_COMPILER_APPICON_NAME = AppIcon;
				ASSETCATALOG_COMPILER_GLOBAL_ACCENT_COLOR_NAME = AccentColor;
				CODE_SIGN_STYLE = Automatic;
				CURRENT_PROJECT_VERSION = 1;
				GENERATE_INFOPLIST_FILE = YES;
				INFOPLIST_FILE = "AVFoundation Relaxation Audio/Info.plist";
				INFOPLIST_KEY_UIApplicationSupportsIndirectInputEvents = YES;
				INFOPLIST_KEY_UILaunchStoryboardName = LaunchScreen;
				INFOPLIST_KEY_UIMainStoryboardFile = Main;
				INFOPLIST_KEY_UISupportedInterfaceOrientations_iPad = "UIInterfaceOrientationPortrait UIInterfaceOrientationPortraitUpsideDown UIInterfaceOrientationLandscapeLeft UIInterfaceOrientationLandscapeRight";
				INFOPLIST_KEY_UISupportedInterfaceOrientations_iPhone = "UIInterfaceOrientationPortrait UIInterfaceOrientationLandscapeLeft UIInterfaceOrientationLandscapeRight";
				LD_RUNPATH_SEARCH_PATHS = (
					"$(inherited)",
					"@executable_path/Frameworks",
				);
				MARKETING_VERSION = 1.0;
				PRODUCT_BUNDLE_IDENTIFIER = "faisal.AVFoundation-Relaxation-Audio";
				PRODUCT_NAME = "$(TARGET_NAME)";
				SWIFT_EMIT_LOC_STRINGS = YES;
				SWIFT_VERSION = 5.0;
				TARGETED_DEVICE_FAMILY = "1,2";
			};
			name = Release;
		};
		3ABBCF0227733BC60008F7A5 /* Debug */ = {
			isa = XCBuildConfiguration;
			buildSettings = {
				ALWAYS_EMBED_SWIFT_STANDARD_LIBRARIES = YES;
				BUNDLE_LOADER = "$(TEST_HOST)";
				CODE_SIGN_STYLE = Automatic;
				CURRENT_PROJECT_VERSION = 1;
				GENERATE_INFOPLIST_FILE = YES;
				IPHONEOS_DEPLOYMENT_TARGET = 15.0;
				LD_RUNPATH_SEARCH_PATHS = (
					"$(inherited)",
					"@executable_path/Frameworks",
					"@loader_path/Frameworks",
				);
				MARKETING_VERSION = 1.0;
				PRODUCT_BUNDLE_IDENTIFIER = "faisal.AVFoundation-Relaxation-AudioTests";
				PRODUCT_NAME = "$(TARGET_NAME)";
				SWIFT_EMIT_LOC_STRINGS = NO;
				SWIFT_VERSION = 5.0;
				TARGETED_DEVICE_FAMILY = "1,2";
				TEST_HOST = "$(BUILT_PRODUCTS_DIR)/AVFoundation Relaxation Audio.app/AVFoundation Relaxation Audio";
			};
			name = Debug;
		};
		3ABBCF0327733BC60008F7A5 /* Release */ = {
			isa = XCBuildConfiguration;
			buildSettings = {
				ALWAYS_EMBED_SWIFT_STANDARD_LIBRARIES = YES;
				BUNDLE_LOADER = "$(TEST_HOST)";
				CODE_SIGN_STYLE = Automatic;
				CURRENT_PROJECT_VERSION = 1;
				GENERATE_INFOPLIST_FILE = YES;
				IPHONEOS_DEPLOYMENT_TARGET = 15.0;
				LD_RUNPATH_SEARCH_PATHS = (
					"$(inherited)",
					"@executable_path/Frameworks",
					"@loader_path/Frameworks",
				);
				MARKETING_VERSION = 1.0;
				PRODUCT_BUNDLE_IDENTIFIER = "faisal.AVFoundation-Relaxation-AudioTests";
				PRODUCT_NAME = "$(TARGET_NAME)";
				SWIFT_EMIT_LOC_STRINGS = NO;
				SWIFT_VERSION = 5.0;
				TARGETED_DEVICE_FAMILY = "1,2";
				TEST_HOST = "$(BUILT_PRODUCTS_DIR)/AVFoundation Relaxation Audio.app/AVFoundation Relaxation Audio";
			};
			name = Release;
		};
		3ABBCF0527733BC60008F7A5 /* Debug */ = {
			isa = XCBuildConfiguration;
			buildSettings = {
				ALWAYS_EMBED_SWIFT_STANDARD_LIBRARIES = YES;
				CODE_SIGN_STYLE = Automatic;
				CURRENT_PROJECT_VERSION = 1;
				GENERATE_INFOPLIST_FILE = YES;
				LD_RUNPATH_SEARCH_PATHS = (
					"$(inherited)",
					"@executable_path/Frameworks",
					"@loader_path/Frameworks",
				);
				MARKETING_VERSION = 1.0;
				PRODUCT_BUNDLE_IDENTIFIER = "faisal.AVFoundation-Relaxation-AudioUITests";
				PRODUCT_NAME = "$(TARGET_NAME)";
				SWIFT_EMIT_LOC_STRINGS = NO;
				SWIFT_VERSION = 5.0;
				TARGETED_DEVICE_FAMILY = "1,2";
				TEST_TARGET_NAME = "AVFoundation Relaxation Audio";
			};
			name = Debug;
		};
		3ABBCF0627733BC60008F7A5 /* Release */ = {
			isa = XCBuildConfiguration;
			buildSettings = {
				ALWAYS_EMBED_SWIFT_STANDARD_LIBRARIES = YES;
				CODE_SIGN_STYLE = Automatic;
				CURRENT_PROJECT_VERSION = 1;
				GENERATE_INFOPLIST_FILE = YES;
				LD_RUNPATH_SEARCH_PATHS = (
					"$(inherited)",
					"@executable_path/Frameworks",
					"@loader_path/Frameworks",
				);
				MARKETING_VERSION = 1.0;
				PRODUCT_BUNDLE_IDENTIFIER = "faisal.AVFoundation-Relaxation-AudioUITests";
				PRODUCT_NAME = "$(TARGET_NAME)";
				SWIFT_EMIT_LOC_STRINGS = NO;
				SWIFT_VERSION = 5.0;
				TARGETED_DEVICE_FAMILY = "1,2";
				TEST_TARGET_NAME = "AVFoundation Relaxation Audio";
			};
			name = Release;
		};
/* End XCBuildConfiguration section */

/* Begin XCConfigurationList section */
		3ABBCECC27733BC40008F7A5 /* Build configuration list for PBXProject "AVFoundation Relaxation Audio" */ = {
			isa = XCConfigurationList;
			buildConfigurations = (
				3ABBCEFC27733BC60008F7A5 /* Debug */,
				3ABBCEFD27733BC60008F7A5 /* Release */,
			);
			defaultConfigurationIsVisible = 0;
			defaultConfigurationName = Release;
		};
		3ABBCEFE27733BC60008F7A5 /* Build configuration list for PBXNativeTarget "AVFoundation Relaxation Audio" */ = {
			isa = XCConfigurationList;
			buildConfigurations = (
				3ABBCEFF27733BC60008F7A5 /* Debug */,
				3ABBCF0027733BC60008F7A5 /* Release */,
			);
			defaultConfigurationIsVisible = 0;
			defaultConfigurationName = Release;
		};
		3ABBCF0127733BC60008F7A5 /* Build configuration list for PBXNativeTarget "AVFoundation Relaxation AudioTests" */ = {
			isa = XCConfigurationList;
			buildConfigurations = (
				3ABBCF0227733BC60008F7A5 /* Debug */,
				3ABBCF0327733BC60008F7A5 /* Release */,
			);
			defaultConfigurationIsVisible = 0;
			defaultConfigurationName = Release;
		};
		3ABBCF0427733BC60008F7A5 /* Build configuration list for PBXNativeTarget "AVFoundation Relaxation AudioUITests" */ = {
			isa = XCConfigurationList;
			buildConfigurations = (
				3ABBCF0527733BC60008F7A5 /* Debug */,
				3ABBCF0627733BC60008F7A5 /* Release */,
			);
			defaultConfigurationIsVisible = 0;
			defaultConfigurationName = Release;
		};
/* End XCConfigurationList section */

/* Begin XCVersionGroup section */
		3ABBCEDD27733BC50008F7A5 /* AVFoundation_Relaxation_Audio.xcdatamodeld */ = {
			isa = XCVersionGroup;
			children = (
				3ABBCEDE27733BC50008F7A5 /* AVFoundation_Relaxation_Audio.xcdatamodel */,
			);
			currentVersion = 3ABBCEDE27733BC50008F7A5 /* AVFoundation_Relaxation_Audio.xcdatamodel */;
			path = AVFoundation_Relaxation_Audio.xcdatamodeld;
			sourceTree = "<group>";
			versionGroupType = wrapper.xcdatamodel;
		};
/* End XCVersionGroup section */
	};
	rootObject = 3ABBCEC927733BC40008F7A5 /* Project object */;
}
